Microsoft Visual Studio Solution File, Format Version 12.00
Project("{FAE04EC0-301F-11D3-BF4B-00C04F79EFBC}") = "ArturRios.Common.Data", "ArturRios.Common.Data\ArturRios.Common.Data.csproj", "{B888446F-CB02-4A3C-B42A-042EAE672E3D}"
EndProject
Project("{FAE04EC0-301F-11D3-BF4B-00C04F79EFBC}") = "ArturRios.Common.Extensions", "ArturRios.Common.Extensions\ArturRios.Common.Extensions.csproj", "{88785125-ED2D-48AE-98FC-6C1E33B775A8}"
EndProject
Project("{FAE04EC0-301F-11D3-BF4B-00C04F79EFBC}") = "ArturRios.Common.Security", "ArturRios.Common.Security\ArturRios.Common.Security.csproj", "{900EED88-F28C-447C-9DFA-4E7839FD2310}"
EndProject
Project("{FAE04EC0-301F-11D3-BF4B-00C04F79EFBC}") = "ArturRios.Common.Output", "ArturRios.Common.Output\ArturRios.Common.Output.csproj", "{5BEC9320-A4B2-4DE0-8A3F-666492C15B02}"
EndProject
Project("{FAE04EC0-301F-11D3-BF4B-00C04F79EFBC}") = "ArturRios.Common.WebApi", "ArturRios.Common.WebApi\ArturRios.Common.WebApi.csproj", "{6A40DD5B-E8C0-4780-95DD-D6B968CD89E6}"
EndProject
Project("{FAE04EC0-301F-11D3-BF4B-00C04F79EFBC}") = "ArturRios.Common.Util.Tests", "..\tests\ArturRios.Common.Util.Tests\ArturRios.Common.Util.Tests.csproj", "{D6365923-C461-40A3-B2FF-E9CBE61BC960}"
EndProject
Project("{2150E333-8FDC-42A3-9474-1A3956D46DE8}") = "Tests", "Tests", "{3ABEBFA6-AC88-4EB1-8149-46CC5E3D427E}"
EndProject
Project("{FAE04EC0-301F-11D3-BF4B-00C04F79EFBC}") = "ArturRios.Common.Extensions.Tests", "..\tests\ArturRios.Common.Extensions.Tests\ArturRios.Common.Extensions.Tests.csproj", "{F1C18855-920A-43F8-86AD-150511E42893}"
EndProject
Project("{FAE04EC0-301F-11D3-BF4B-00C04F79EFBC}") = "ArturRios.Common.Test", "ArturRios.Common.Test\ArturRios.Common.Test.csproj", "{CDA573E6-7565-4639-8AF8-F8A794E2A99E}"
EndProject
Project("{FAE04EC0-301F-11D3-BF4B-00C04F79EFBC}") = "ArturRios.Common.Configuration", "ArturRios.Common.Configuration\ArturRios.Common.Configuration.csproj", "{454FE37F-9E0C-48ED-AE06-A8284DF5FD33}"
EndProject
Project("{FAE04EC0-301F-11D3-BF4B-00C04F79EFBC}") = "ArturRios.Common.Util", "ArturRios.Common.Util\ArturRios.Common.Util.csproj", "{57AAD716-EABB-4517-B2D9-C62943E45A04}"
EndProject
Project("{FAE04EC0-301F-11D3-BF4B-00C04F79EFBC}") = "ArturRios.Common.Validation", "ArturRios.Common.Validation\ArturRios.Common.Validation.csproj", "{8AA8A2B8-F4AC-4C52-B7EB-B44C4F29A091}"
EndProject
Project("{FAE04EC0-301F-11D3-BF4B-00C04F79EFBC}") = "ArturRios.Common.Validation.Tests", "..\tests\ArturRios.Common.Validation.Tests\ArturRios.Common.Validation.Tests.csproj", "{5425B185-0DEB-4CAA-9ACF-3EDB05B04DCE}"
EndProject
Project("{FAE04EC0-301F-11D3-BF4B-00C04F79EFBC}") = "ArturRios.Common.Aws", "ArturRios.Common.Aws\ArturRios.Common.Aws.csproj", "{6FBD5074-32AA-41B0-9364-5D5AE1723DA8}"
EndProject
Project("{FAE04EC0-301F-11D3-BF4B-00C04F79EFBC}") = "ArturRios.Common.Aws.Tests", "..\tests\ArturRios.Common.Aws.Tests\ArturRios.Common.Aws.Tests.csproj", "{82ABB80A-C0F5-477F-A3E3-CCB45A3A95B0}"
EndProject
Project("{FAE04EC0-301F-11D3-BF4B-00C04F79EFBC}") = "ArturRios.Common.Attributes", "ArturRios.Common.Attributes\ArturRios.Common.Attributes.csproj", "{23FF07B2-4EFE-47A8-853F-779F8D52235F}"
EndProject
Project("{FAE04EC0-301F-11D3-BF4B-00C04F79EFBC}") = "ArturRios.Common.Pipelines", "ArturRios.Common.Pipelines\ArturRios.Common.Pipelines.csproj", "{028B3032-4E87-4B0D-9F16-0C3B99C29FA1}"
EndProject
Project("{FAE04EC0-301F-11D3-BF4B-00C04F79EFBC}") = "ArturRios.Common.Custom", "ArturRios.Common.Custom\ArturRios.Common.Custom.csproj", "{E6E0258E-28BD-4A3A-B9CF-B30233AFC5F9}"
EndProject
Project("{FAE04EC0-301F-11D3-BF4B-00C04F79EFBC}") = "ArturRios.Common.Client", "ArturRios.Common.Client\ArturRios.Common.Client.csproj", "{D63EED9B-221A-46BA-ACE8-4A1A70F5BC96}"
EndProject
Project("{FAE04EC0-301F-11D3-BF4B-00C04F79EFBC}") = "ArturRios.Common.Pipelines.Tests", "..\tests\ArturRios.Common.Pipelines.Tests\ArturRios.Common.Pipelines.Tests.csproj", "{4F23DDCA-705E-424C-ADBC-C3EB2908791A}"
EndProject
Project("{FAE04EC0-301F-11D3-BF4B-00C04F79EFBC}") = "ArturRios.Common.Attributes.Tests", "..\tests\ArturRios.Common.Attributes.Tests\ArturRios.Common.Attributes.Tests.csproj", "{30D9D2E5-6DB8-4B3D-A821-F18E6A73A781}"
EndProject
Project("{FAE04EC0-301F-11D3-BF4B-00C04F79EFBC}") = "ArturRios.Common.Tests.Mock.WebApi", "..\tests\Mock\ArturRios.Common.Tests.Mock.WebApi\ArturRios.Common.Tests.Mock.WebApi.csproj", "{A9596F97-D300-4B48-AEA8-047BF324705B}"
EndProject
Project("{2150E333-8FDC-42A3-9474-1A3956D46DE8}") = "Mock", "Mock", "{33B81EB5-9A47-44C2-B215-F86336EDE66F}"
EndProject
Global
	GlobalSection(SolutionConfigurationPlatforms) = preSolution
		Debug|Any CPU = Debug|Any CPU
		Release|Any CPU = Release|Any CPU
	EndGlobalSection
	GlobalSection(ProjectConfigurationPlatforms) = postSolution
		{B888446F-CB02-4A3C-B42A-042EAE672E3D}.Debug|Any CPU.ActiveCfg = Debug|Any CPU
		{B888446F-CB02-4A3C-B42A-042EAE672E3D}.Debug|Any CPU.Build.0 = Debug|Any CPU
		{B888446F-CB02-4A3C-B42A-042EAE672E3D}.Release|Any CPU.ActiveCfg = Release|Any CPU
		{B888446F-CB02-4A3C-B42A-042EAE672E3D}.Release|Any CPU.Build.0 = Release|Any CPU
		{88785125-ED2D-48AE-98FC-6C1E33B775A8}.Debug|Any CPU.ActiveCfg = Debug|Any CPU
		{88785125-ED2D-48AE-98FC-6C1E33B775A8}.Debug|Any CPU.Build.0 = Debug|Any CPU
		{88785125-ED2D-48AE-98FC-6C1E33B775A8}.Release|Any CPU.ActiveCfg = Release|Any CPU
		{88785125-ED2D-48AE-98FC-6C1E33B775A8}.Release|Any CPU.Build.0 = Release|Any CPU
		{900EED88-F28C-447C-9DFA-4E7839FD2310}.Debug|Any CPU.ActiveCfg = Debug|Any CPU
		{900EED88-F28C-447C-9DFA-4E7839FD2310}.Debug|Any CPU.Build.0 = Debug|Any CPU
		{900EED88-F28C-447C-9DFA-4E7839FD2310}.Release|Any CPU.ActiveCfg = Release|Any CPU
		{900EED88-F28C-447C-9DFA-4E7839FD2310}.Release|Any CPU.Build.0 = Release|Any CPU
		{5BEC9320-A4B2-4DE0-8A3F-666492C15B02}.Debug|Any CPU.ActiveCfg = Debug|Any CPU
		{5BEC9320-A4B2-4DE0-8A3F-666492C15B02}.Debug|Any CPU.Build.0 = Debug|Any CPU
		{5BEC9320-A4B2-4DE0-8A3F-666492C15B02}.Release|Any CPU.ActiveCfg = Release|Any CPU
		{5BEC9320-A4B2-4DE0-8A3F-666492C15B02}.Release|Any CPU.Build.0 = Release|Any CPU
		{6A40DD5B-E8C0-4780-95DD-D6B968CD89E6}.Debug|Any CPU.ActiveCfg = Debug|Any CPU
		{6A40DD5B-E8C0-4780-95DD-D6B968CD89E6}.Debug|Any CPU.Build.0 = Debug|Any CPU
		{6A40DD5B-E8C0-4780-95DD-D6B968CD89E6}.Release|Any CPU.ActiveCfg = Release|Any CPU
		{6A40DD5B-E8C0-4780-95DD-D6B968CD89E6}.Release|Any CPU.Build.0 = Release|Any CPU
		{D6365923-C461-40A3-B2FF-E9CBE61BC960}.Debug|Any CPU.ActiveCfg = Debug|Any CPU
		{D6365923-C461-40A3-B2FF-E9CBE61BC960}.Debug|Any CPU.Build.0 = Debug|Any CPU
		{D6365923-C461-40A3-B2FF-E9CBE61BC960}.Release|Any CPU.ActiveCfg = Release|Any CPU
		{D6365923-C461-40A3-B2FF-E9CBE61BC960}.Release|Any CPU.Build.0 = Release|Any CPU
		{F1C18855-920A-43F8-86AD-150511E42893}.Debug|Any CPU.ActiveCfg = Debug|Any CPU
		{F1C18855-920A-43F8-86AD-150511E42893}.Debug|Any CPU.Build.0 = Debug|Any CPU
		{F1C18855-920A-43F8-86AD-150511E42893}.Release|Any CPU.ActiveCfg = Release|Any CPU
		{F1C18855-920A-43F8-86AD-150511E42893}.Release|Any CPU.Build.0 = Release|Any CPU
		{CDA573E6-7565-4639-8AF8-F8A794E2A99E}.Debug|Any CPU.ActiveCfg = Debug|Any CPU
		{CDA573E6-7565-4639-8AF8-F8A794E2A99E}.Debug|Any CPU.Build.0 = Debug|Any CPU
		{CDA573E6-7565-4639-8AF8-F8A794E2A99E}.Release|Any CPU.ActiveCfg = Release|Any CPU
		{CDA573E6-7565-4639-8AF8-F8A794E2A99E}.Release|Any CPU.Build.0 = Release|Any CPU
		{454FE37F-9E0C-48ED-AE06-A8284DF5FD33}.Debug|Any CPU.ActiveCfg = Debug|Any CPU
		{454FE37F-9E0C-48ED-AE06-A8284DF5FD33}.Debug|Any CPU.Build.0 = Debug|Any CPU
		{454FE37F-9E0C-48ED-AE06-A8284DF5FD33}.Release|Any CPU.ActiveCfg = Release|Any CPU
		{454FE37F-9E0C-48ED-AE06-A8284DF5FD33}.Release|Any CPU.Build.0 = Release|Any CPU
		{57AAD716-EABB-4517-B2D9-C62943E45A04}.Debug|Any CPU.ActiveCfg = Debug|Any CPU
		{57AAD716-EABB-4517-B2D9-C62943E45A04}.Debug|Any CPU.Build.0 = Debug|Any CPU
		{57AAD716-EABB-4517-B2D9-C62943E45A04}.Release|Any CPU.ActiveCfg = Release|Any CPU
		{57AAD716-EABB-4517-B2D9-C62943E45A04}.Release|Any CPU.Build.0 = Release|Any CPU
		{8AA8A2B8-F4AC-4C52-B7EB-B44C4F29A091}.Debug|Any CPU.ActiveCfg = Debug|Any CPU
		{8AA8A2B8-F4AC-4C52-B7EB-B44C4F29A091}.Debug|Any CPU.Build.0 = Debug|Any CPU
		{8AA8A2B8-F4AC-4C52-B7EB-B44C4F29A091}.Release|Any CPU.ActiveCfg = Release|Any CPU
		{8AA8A2B8-F4AC-4C52-B7EB-B44C4F29A091}.Release|Any CPU.Build.0 = Release|Any CPU
		{5425B185-0DEB-4CAA-9ACF-3EDB05B04DCE}.Debug|Any CPU.ActiveCfg = Debug|Any CPU
		{5425B185-0DEB-4CAA-9ACF-3EDB05B04DCE}.Debug|Any CPU.Build.0 = Debug|Any CPU
		{5425B185-0DEB-4CAA-9ACF-3EDB05B04DCE}.Release|Any CPU.ActiveCfg = Release|Any CPU
		{5425B185-0DEB-4CAA-9ACF-3EDB05B04DCE}.Release|Any CPU.Build.0 = Release|Any CPU
		{6FBD5074-32AA-41B0-9364-5D5AE1723DA8}.Debug|Any CPU.ActiveCfg = Debug|Any CPU
		{6FBD5074-32AA-41B0-9364-5D5AE1723DA8}.Debug|Any CPU.Build.0 = Debug|Any CPU
		{6FBD5074-32AA-41B0-9364-5D5AE1723DA8}.Release|Any CPU.ActiveCfg = Release|Any CPU
		{6FBD5074-32AA-41B0-9364-5D5AE1723DA8}.Release|Any CPU.Build.0 = Release|Any CPU
		{82ABB80A-C0F5-477F-A3E3-CCB45A3A95B0}.Debug|Any CPU.ActiveCfg = Debug|Any CPU
		{82ABB80A-C0F5-477F-A3E3-CCB45A3A95B0}.Debug|Any CPU.Build.0 = Debug|Any CPU
		{82ABB80A-C0F5-477F-A3E3-CCB45A3A95B0}.Release|Any CPU.ActiveCfg = Release|Any CPU
		{82ABB80A-C0F5-477F-A3E3-CCB45A3A95B0}.Release|Any CPU.Build.0 = Release|Any CPU
		{23FF07B2-4EFE-47A8-853F-779F8D52235F}.Debug|Any CPU.ActiveCfg = Debug|Any CPU
		{23FF07B2-4EFE-47A8-853F-779F8D52235F}.Debug|Any CPU.Build.0 = Debug|Any CPU
		{23FF07B2-4EFE-47A8-853F-779F8D52235F}.Release|Any CPU.ActiveCfg = Release|Any CPU
		{23FF07B2-4EFE-47A8-853F-779F8D52235F}.Release|Any CPU.Build.0 = Release|Any CPU
		{028B3032-4E87-4B0D-9F16-0C3B99C29FA1}.Debug|Any CPU.ActiveCfg = Debug|Any CPU
		{028B3032-4E87-4B0D-9F16-0C3B99C29FA1}.Debug|Any CPU.Build.0 = Debug|Any CPU
		{028B3032-4E87-4B0D-9F16-0C3B99C29FA1}.Release|Any CPU.ActiveCfg = Release|Any CPU
		{028B3032-4E87-4B0D-9F16-0C3B99C29FA1}.Release|Any CPU.Build.0 = Release|Any CPU
		{E6E0258E-28BD-4A3A-B9CF-B30233AFC5F9}.Debug|Any CPU.ActiveCfg = Debug|Any CPU
		{E6E0258E-28BD-4A3A-B9CF-B30233AFC5F9}.Debug|Any CPU.Build.0 = Debug|Any CPU
		{E6E0258E-28BD-4A3A-B9CF-B30233AFC5F9}.Release|Any CPU.ActiveCfg = Release|Any CPU
		{E6E0258E-28BD-4A3A-B9CF-B30233AFC5F9}.Release|Any CPU.Build.0 = Release|Any CPU
		{D63EED9B-221A-46BA-ACE8-4A1A70F5BC96}.Debug|Any CPU.ActiveCfg = Debug|Any CPU
		{D63EED9B-221A-46BA-ACE8-4A1A70F5BC96}.Debug|Any CPU.Build.0 = Debug|Any CPU
		{D63EED9B-221A-46BA-ACE8-4A1A70F5BC96}.Release|Any CPU.ActiveCfg = Release|Any CPU
		{D63EED9B-221A-46BA-ACE8-4A1A70F5BC96}.Release|Any CPU.Build.0 = Release|Any CPU
		{4F23DDCA-705E-424C-ADBC-C3EB2908791A}.Debug|Any CPU.ActiveCfg = Debug|Any CPU
		{4F23DDCA-705E-424C-ADBC-C3EB2908791A}.Debug|Any CPU.Build.0 = Debug|Any CPU
		{4F23DDCA-705E-424C-ADBC-C3EB2908791A}.Release|Any CPU.ActiveCfg = Release|Any CPU
		{4F23DDCA-705E-424C-ADBC-C3EB2908791A}.Release|Any CPU.Build.0 = Release|Any CPU
		{30D9D2E5-6DB8-4B3D-A821-F18E6A73A781}.Debug|Any CPU.ActiveCfg = Debug|Any CPU
		{30D9D2E5-6DB8-4B3D-A821-F18E6A73A781}.Debug|Any CPU.Build.0 = Debug|Any CPU
		{30D9D2E5-6DB8-4B3D-A821-F18E6A73A781}.Release|Any CPU.ActiveCfg = Release|Any CPU
		{30D9D2E5-6DB8-4B3D-A821-F18E6A73A781}.Release|Any CPU.Build.0 = Release|Any CPU
		{A9596F97-D300-4B48-AEA8-047BF324705B}.Debug|Any CPU.ActiveCfg = Debug|Any CPU
		{A9596F97-D300-4B48-AEA8-047BF324705B}.Debug|Any CPU.Build.0 = Debug|Any CPU
		{A9596F97-D300-4B48-AEA8-047BF324705B}.Release|Any CPU.ActiveCfg = Release|Any CPU
		{A9596F97-D300-4B48-AEA8-047BF324705B}.Release|Any CPU.Build.0 = Release|Any CPU
	EndGlobalSection
	GlobalSection(NestedProjects) = preSolution
		{D6365923-C461-40A3-B2FF-E9CBE61BC960} = {3ABEBFA6-AC88-4EB1-8149-46CC5E3D427E}
		{F1C18855-920A-43F8-86AD-150511E42893} = {3ABEBFA6-AC88-4EB1-8149-46CC5E3D427E}
		{5425B185-0DEB-4CAA-9ACF-3EDB05B04DCE} = {3ABEBFA6-AC88-4EB1-8149-46CC5E3D427E}
		{82ABB80A-C0F5-477F-A3E3-CCB45A3A95B0} = {3ABEBFA6-AC88-4EB1-8149-46CC5E3D427E}
		{4F23DDCA-705E-424C-ADBC-C3EB2908791A} = {3ABEBFA6-AC88-4EB1-8149-46CC5E3D427E}
		{30D9D2E5-6DB8-4B3D-A821-F18E6A73A781} = {3ABEBFA6-AC88-4EB1-8149-46CC5E3D427E}
		{33B81EB5-9A47-44C2-B215-F86336EDE66F} = {3ABEBFA6-AC88-4EB1-8149-46CC5E3D427E}
		{A9596F97-D300-4B48-AEA8-047BF324705B} = {33B81EB5-9A47-44C2-B215-F86336EDE66F}
	EndGlobalSection
EndGlobal
